
Microsoft Visual Studio Solution File, Format Version 12.00
# Visual Studio Version 16
VisualStudioVersion = 16.0.29709.97
MinimumVisualStudioVersion = 10.0.40219.1
Project("{FAE04EC0-301F-11D3-BF4B-00C04F79EFBC}") = "AbstractFactory", "AbstractFactory\AbstractFactory.csproj", "{4907D720-C00D-4FB9-B1F5-792D989D79F4}"
EndProject
Project("{FAE04EC0-301F-11D3-BF4B-00C04F79EFBC}") = "Builder", "Builder\Builder.csproj", "{BDB6AF01-4A74-479F-A746-7CA62C0DB0D4}"
EndProject
Project("{FAE04EC0-301F-11D3-BF4B-00C04F79EFBC}") = "FactoryMethod", "FactoryMethod\FactoryMethod.csproj", "{CB0DC750-CA69-4C43-93C6-DA44905570BB}"
EndProject
Project("{FAE04EC0-301F-11D3-BF4B-00C04F79EFBC}") = "Prototype", "Prototype\Prototype.csproj", "{F31C381B-77D5-4DF0-B7AB-D0745F8FEDD3}"
EndProject
Project("{FAE04EC0-301F-11D3-BF4B-00C04F79EFBC}") = "Singleton", "Singleton\Singleton.csproj", "{6ECFB63D-B108-4C01-B8DE-029D7A41B0D6}"
EndProject
Project("{2150E333-8FDC-42A3-9474-1A3956D46DE8}") = "Creational", "Creational", "{3D09164B-A146-4090-A5D6-45E81C4E9849}"
EndProject
Project("{2150E333-8FDC-42A3-9474-1A3956D46DE8}") = "Structural", "Structural", "{FFA31A9E-78DC-4063-AC1B-6D405123D3D0}"
EndProject
Project("{2150E333-8FDC-42A3-9474-1A3956D46DE8}") = "Behavioral", "Behavioral", "{8DC3D94F-444F-4D9E-B0D8-13BCB9767946}"
EndProject
Project("{FAE04EC0-301F-11D3-BF4B-00C04F79EFBC}") = "Adapter", "Adapter\Adapter.csproj", "{A6765485-4BAF-4A32-8961-58CF9574DCAC}"
EndProject
Project("{FAE04EC0-301F-11D3-BF4B-00C04F79EFBC}") = "Proxy", "Proxy\Proxy.csproj", "{5359960B-52A7-4EF0-8B21-95AA194BA59D}"
EndProject
Project("{FAE04EC0-301F-11D3-BF4B-00C04F79EFBC}") = "Flyweight", "Flyweight\Flyweight.csproj", "{6DA2E47E-25CB-449D-8C49-A5E04E387AA7}"
EndProject
Project("{FAE04EC0-301F-11D3-BF4B-00C04F79EFBC}") = "Composite", "Composite\Composite.csproj", "{6D1A9DCE-47D9-42A6-B658-2B7D044757C8}"
EndProject
Project("{FAE04EC0-301F-11D3-BF4B-00C04F79EFBC}") = "Facade", "Facade\Facade.csproj", "{62C7BB82-66CF-47B8-9AE2-DC6592DDAD92}"
EndProject
Project("{FAE04EC0-301F-11D3-BF4B-00C04F79EFBC}") = "Decorator", "Decorator\Decorator.csproj", "{26AB3BF7-CD7E-47C2-B46D-F3CE24DD9381}"
EndProject
Project("{FAE04EC0-301F-11D3-BF4B-00C04F79EFBC}") = "Visitor", "Visitor\Visitor.csproj", "{FE983D59-00D3-48F1-AB35-DBFF89EA010E}"
EndProject
Project("{FAE04EC0-301F-11D3-BF4B-00C04F79EFBC}") = "Observer", "Observer\Observer.csproj", "{014C7819-023B-45FE-BB04-02D8843D33B5}"
EndProject
Project("{FAE04EC0-301F-11D3-BF4B-00C04F79EFBC}") = "Iterator", "Iterator\Iterator.csproj", "{F0C8FFDE-AEC7-4F3A-8280-EF2DC21BDA72}"
EndProject
Project("{FAE04EC0-301F-11D3-BF4B-00C04F79EFBC}") = "ChainOfResponsibility", "ChainOfResponsibility\ChainOfResponsibility.csproj", "{B7506530-A981-4775-80AE-89DEA4231E87}"
EndProject
Project("{FAE04EC0-301F-11D3-BF4B-00C04F79EFBC}") = "Command", "Command\Command.csproj", "{36D3629C-58E0-4C14-A6B4-94641BD7D8E9}"
EndProject
Project("{FAE04EC0-301F-11D3-BF4B-00C04F79EFBC}") = "Mediator", "Mediator\Mediator.csproj", "{E91FF5EC-24F0-436B-AFDF-E061BBF4C5CD}"
EndProject
Project("{FAE04EC0-301F-11D3-BF4B-00C04F79EFBC}") = "Memento", "Memento\Memento.csproj", "{4FE58AA1-C351-45C8-9001-56CC623E3B8F}"
EndProject
Project("{FAE04EC0-301F-11D3-BF4B-00C04F79EFBC}") = "State", "State\State.csproj", "{5C86E9AA-7FE1-4840-B04C-CE05DBF21741}"
EndProject
Project("{FAE04EC0-301F-11D3-BF4B-00C04F79EFBC}") = "TemplateMethod", "TemplateMethod\TemplateMethod.csproj", "{E09B9809-7976-4DE0-8717-B4D0D4895D1A}"
EndProject
Project("{FAE04EC0-301F-11D3-BF4B-00C04F79EFBC}") = "FluentBuilder", "FluentBuilder\FluentBuilder.csproj", "{A564611E-BD95-4EF4-A3F9-F0E24F730EE4}"
EndProject
Project("{FAE04EC0-301F-11D3-BF4B-00C04F79EFBC}") = "ObjectPool", "ObjectPool\ObjectPool.csproj", "{27DB58A9-974E-4CF0-BF67-8A70EB5C8588}"
EndProject
Project("{FAE04EC0-301F-11D3-BF4B-00C04F79EFBC}") = "Bridge", "Bridge\Bridge.csproj", "{A06D01F7-9160-444F-9AFC-26A554346DB4}"
EndProject
Global
	GlobalSection(SolutionConfigurationPlatforms) = preSolution
		Debug|Any CPU = Debug|Any CPU
		Release|Any CPU = Release|Any CPU
	EndGlobalSection
	GlobalSection(ProjectConfigurationPlatforms) = postSolution
		{4907D720-C00D-4FB9-B1F5-792D989D79F4}.Debug|Any CPU.ActiveCfg = Debug|Any CPU
		{4907D720-C00D-4FB9-B1F5-792D989D79F4}.Debug|Any CPU.Build.0 = Debug|Any CPU
		{4907D720-C00D-4FB9-B1F5-792D989D79F4}.Release|Any CPU.ActiveCfg = Release|Any CPU
		{4907D720-C00D-4FB9-B1F5-792D989D79F4}.Release|Any CPU.Build.0 = Release|Any CPU
		{BDB6AF01-4A74-479F-A746-7CA62C0DB0D4}.Debug|Any CPU.ActiveCfg = Debug|Any CPU
		{BDB6AF01-4A74-479F-A746-7CA62C0DB0D4}.Debug|Any CPU.Build.0 = Debug|Any CPU
		{BDB6AF01-4A74-479F-A746-7CA62C0DB0D4}.Release|Any CPU.ActiveCfg = Release|Any CPU
		{BDB6AF01-4A74-479F-A746-7CA62C0DB0D4}.Release|Any CPU.Build.0 = Release|Any CPU
		{CB0DC750-CA69-4C43-93C6-DA44905570BB}.Debug|Any CPU.ActiveCfg = Debug|Any CPU
		{CB0DC750-CA69-4C43-93C6-DA44905570BB}.Debug|Any CPU.Build.0 = Debug|Any CPU
		{CB0DC750-CA69-4C43-93C6-DA44905570BB}.Release|Any CPU.ActiveCfg = Release|Any CPU
		{CB0DC750-CA69-4C43-93C6-DA44905570BB}.Release|Any CPU.Build.0 = Release|Any CPU
		{F31C381B-77D5-4DF0-B7AB-D0745F8FEDD3}.Debug|Any CPU.ActiveCfg = Debug|Any CPU
		{F31C381B-77D5-4DF0-B7AB-D0745F8FEDD3}.Debug|Any CPU.Build.0 = Debug|Any CPU
		{F31C381B-77D5-4DF0-B7AB-D0745F8FEDD3}.Release|Any CPU.ActiveCfg = Release|Any CPU
		{F31C381B-77D5-4DF0-B7AB-D0745F8FEDD3}.Release|Any CPU.Build.0 = Release|Any CPU
		{6ECFB63D-B108-4C01-B8DE-029D7A41B0D6}.Debug|Any CPU.ActiveCfg = Debug|Any CPU
		{6ECFB63D-B108-4C01-B8DE-029D7A41B0D6}.Debug|Any CPU.Build.0 = Debug|Any CPU
		{6ECFB63D-B108-4C01-B8DE-029D7A41B0D6}.Release|Any CPU.ActiveCfg = Release|Any CPU
		{6ECFB63D-B108-4C01-B8DE-029D7A41B0D6}.Release|Any CPU.Build.0 = Release|Any CPU
		{A6765485-4BAF-4A32-8961-58CF9574DCAC}.Debug|Any CPU.ActiveCfg = Debug|Any CPU
		{A6765485-4BAF-4A32-8961-58CF9574DCAC}.Debug|Any CPU.Build.0 = Debug|Any CPU
		{A6765485-4BAF-4A32-8961-58CF9574DCAC}.Release|Any CPU.ActiveCfg = Release|Any CPU
		{A6765485-4BAF-4A32-8961-58CF9574DCAC}.Release|Any CPU.Build.0 = Release|Any CPU
		{5359960B-52A7-4EF0-8B21-95AA194BA59D}.Debug|Any CPU.ActiveCfg = Debug|Any CPU
		{5359960B-52A7-4EF0-8B21-95AA194BA59D}.Debug|Any CPU.Build.0 = Debug|Any CPU
		{5359960B-52A7-4EF0-8B21-95AA194BA59D}.Release|Any CPU.ActiveCfg = Release|Any CPU
		{5359960B-52A7-4EF0-8B21-95AA194BA59D}.Release|Any CPU.Build.0 = Release|Any CPU
		{6DA2E47E-25CB-449D-8C49-A5E04E387AA7}.Debug|Any CPU.ActiveCfg = Debug|Any CPU
		{6DA2E47E-25CB-449D-8C49-A5E04E387AA7}.Debug|Any CPU.Build.0 = Debug|Any CPU
		{6DA2E47E-25CB-449D-8C49-A5E04E387AA7}.Release|Any CPU.ActiveCfg = Release|Any CPU
		{6DA2E47E-25CB-449D-8C49-A5E04E387AA7}.Release|Any CPU.Build.0 = Release|Any CPU
		{6D1A9DCE-47D9-42A6-B658-2B7D044757C8}.Debug|Any CPU.ActiveCfg = Debug|Any CPU
		{6D1A9DCE-47D9-42A6-B658-2B7D044757C8}.Debug|Any CPU.Build.0 = Debug|Any CPU
		{6D1A9DCE-47D9-42A6-B658-2B7D044757C8}.Release|Any CPU.ActiveCfg = Release|Any CPU
		{6D1A9DCE-47D9-42A6-B658-2B7D044757C8}.Release|Any CPU.Build.0 = Release|Any CPU
		{62C7BB82-66CF-47B8-9AE2-DC6592DDAD92}.Debug|Any CPU.ActiveCfg = Debug|Any CPU
		{62C7BB82-66CF-47B8-9AE2-DC6592DDAD92}.Debug|Any CPU.Build.0 = Debug|Any CPU
		{62C7BB82-66CF-47B8-9AE2-DC6592DDAD92}.Release|Any CPU.ActiveCfg = Release|Any CPU
		{62C7BB82-66CF-47B8-9AE2-DC6592DDAD92}.Release|Any CPU.Build.0 = Release|Any CPU
		{26AB3BF7-CD7E-47C2-B46D-F3CE24DD9381}.Debug|Any CPU.ActiveCfg = Debug|Any CPU
		{26AB3BF7-CD7E-47C2-B46D-F3CE24DD9381}.Debug|Any CPU.Build.0 = Debug|Any CPU
		{26AB3BF7-CD7E-47C2-B46D-F3CE24DD9381}.Release|Any CPU.ActiveCfg = Release|Any CPU
		{26AB3BF7-CD7E-47C2-B46D-F3CE24DD9381}.Release|Any CPU.Build.0 = Release|Any CPU
		{FE983D59-00D3-48F1-AB35-DBFF89EA010E}.Debug|Any CPU.ActiveCfg = Debug|Any CPU
		{FE983D59-00D3-48F1-AB35-DBFF89EA010E}.Debug|Any CPU.Build.0 = Debug|Any CPU
		{FE983D59-00D3-48F1-AB35-DBFF89EA010E}.Release|Any CPU.ActiveCfg = Release|Any CPU
		{FE983D59-00D3-48F1-AB35-DBFF89EA010E}.Release|Any CPU.Build.0 = Release|Any CPU
		{014C7819-023B-45FE-BB04-02D8843D33B5}.Debug|Any CPU.ActiveCfg = Debug|Any CPU
		{014C7819-023B-45FE-BB04-02D8843D33B5}.Debug|Any CPU.Build.0 = Debug|Any CPU
		{014C7819-023B-45FE-BB04-02D8843D33B5}.Release|Any CPU.ActiveCfg = Release|Any CPU
		{014C7819-023B-45FE-BB04-02D8843D33B5}.Release|Any CPU.Build.0 = Release|Any CPU
		{F0C8FFDE-AEC7-4F3A-8280-EF2DC21BDA72}.Debug|Any CPU.ActiveCfg = Debug|Any CPU
		{F0C8FFDE-AEC7-4F3A-8280-EF2DC21BDA72}.Debug|Any CPU.Build.0 = Debug|Any CPU
		{F0C8FFDE-AEC7-4F3A-8280-EF2DC21BDA72}.Release|Any CPU.ActiveCfg = Release|Any CPU
		{F0C8FFDE-AEC7-4F3A-8280-EF2DC21BDA72}.Release|Any CPU.Build.0 = Release|Any CPU
		{B7506530-A981-4775-80AE-89DEA4231E87}.Debug|Any CPU.ActiveCfg = Debug|Any CPU
		{B7506530-A981-4775-80AE-89DEA4231E87}.Debug|Any CPU.Build.0 = Debug|Any CPU
		{B7506530-A981-4775-80AE-89DEA4231E87}.Release|Any CPU.ActiveCfg = Release|Any CPU
		{B7506530-A981-4775-80AE-89DEA4231E87}.Release|Any CPU.Build.0 = Release|Any CPU
		{36D3629C-58E0-4C14-A6B4-94641BD7D8E9}.Debug|Any CPU.ActiveCfg = Debug|Any CPU
		{36D3629C-58E0-4C14-A6B4-94641BD7D8E9}.Debug|Any CPU.Build.0 = Debug|Any CPU
		{36D3629C-58E0-4C14-A6B4-94641BD7D8E9}.Release|Any CPU.ActiveCfg = Release|Any CPU
		{36D3629C-58E0-4C14-A6B4-94641BD7D8E9}.Release|Any CPU.Build.0 = Release|Any CPU
		{E91FF5EC-24F0-436B-AFDF-E061BBF4C5CD}.Debug|Any CPU.ActiveCfg = Debug|Any CPU
		{E91FF5EC-24F0-436B-AFDF-E061BBF4C5CD}.Debug|Any CPU.Build.0 = Debug|Any CPU
		{E91FF5EC-24F0-436B-AFDF-E061BBF4C5CD}.Release|Any CPU.ActiveCfg = Release|Any CPU
		{E91FF5EC-24F0-436B-AFDF-E061BBF4C5CD}.Release|Any CPU.Build.0 = Release|Any CPU
		{4FE58AA1-C351-45C8-9001-56CC623E3B8F}.Debug|Any CPU.ActiveCfg = Debug|Any CPU
		{4FE58AA1-C351-45C8-9001-56CC623E3B8F}.Debug|Any CPU.Build.0 = Debug|Any CPU
		{4FE58AA1-C351-45C8-9001-56CC623E3B8F}.Release|Any CPU.ActiveCfg = Release|Any CPU
		{4FE58AA1-C351-45C8-9001-56CC623E3B8F}.Release|Any CPU.Build.0 = Release|Any CPU
		{5C86E9AA-7FE1-4840-B04C-CE05DBF21741}.Debug|Any CPU.ActiveCfg = Debug|Any CPU
		{5C86E9AA-7FE1-4840-B04C-CE05DBF21741}.Debug|Any CPU.Build.0 = Debug|Any CPU
		{5C86E9AA-7FE1-4840-B04C-CE05DBF21741}.Release|Any CPU.ActiveCfg = Release|Any CPU
		{5C86E9AA-7FE1-4840-B04C-CE05DBF21741}.Release|Any CPU.Build.0 = Release|Any CPU
		{E09B9809-7976-4DE0-8717-B4D0D4895D1A}.Debug|Any CPU.ActiveCfg = Debug|Any CPU
		{E09B9809-7976-4DE0-8717-B4D0D4895D1A}.Debug|Any CPU.Build.0 = Debug|Any CPU
		{E09B9809-7976-4DE0-8717-B4D0D4895D1A}.Release|Any CPU.ActiveCfg = Release|Any CPU
		{E09B9809-7976-4DE0-8717-B4D0D4895D1A}.Release|Any CPU.Build.0 = Release|Any CPU
		{A564611E-BD95-4EF4-A3F9-F0E24F730EE4}.Debug|Any CPU.ActiveCfg = Debug|Any CPU
		{A564611E-BD95-4EF4-A3F9-F0E24F730EE4}.Debug|Any CPU.Build.0 = Debug|Any CPU
		{A564611E-BD95-4EF4-A3F9-F0E24F730EE4}.Release|Any CPU.ActiveCfg = Release|Any CPU
		{A564611E-BD95-4EF4-A3F9-F0E24F730EE4}.Release|Any CPU.Build.0 = Release|Any CPU
		{27DB58A9-974E-4CF0-BF67-8A70EB5C8588}.Debug|Any CPU.ActiveCfg = Debug|Any CPU
		{27DB58A9-974E-4CF0-BF67-8A70EB5C8588}.Debug|Any CPU.Build.0 = Debug|Any CPU
		{27DB58A9-974E-4CF0-BF67-8A70EB5C8588}.Release|Any CPU.ActiveCfg = Release|Any CPU
		{27DB58A9-974E-4CF0-BF67-8A70EB5C8588}.Release|Any CPU.Build.0 = Release|Any CPU
		{A06D01F7-9160-444F-9AFC-26A554346DB4}.Debug|Any CPU.ActiveCfg = Debug|Any CPU
		{A06D01F7-9160-444F-9AFC-26A554346DB4}.Debug|Any CPU.Build.0 = Debug|Any CPU
		{A06D01F7-9160-444F-9AFC-26A554346DB4}.Release|Any CPU.ActiveCfg = Release|Any CPU
		{A06D01F7-9160-444F-9AFC-26A554346DB4}.Release|Any CPU.Build.0 = Release|Any CPU
	EndGlobalSection
	GlobalSection(SolutionProperties) = preSolution
		HideSolutionNode = FALSE
	EndGlobalSection
	GlobalSection(NestedProjects) = preSolution
		{4907D720-C00D-4FB9-B1F5-792D989D79F4} = {3D09164B-A146-4090-A5D6-45E81C4E9849}
		{BDB6AF01-4A74-479F-A746-7CA62C0DB0D4} = {3D09164B-A146-4090-A5D6-45E81C4E9849}
		{CB0DC750-CA69-4C43-93C6-DA44905570BB} = {3D09164B-A146-4090-A5D6-45E81C4E9849}
		{F31C381B-77D5-4DF0-B7AB-D0745F8FEDD3} = {3D09164B-A146-4090-A5D6-45E81C4E9849}
		{6ECFB63D-B108-4C01-B8DE-029D7A41B0D6} = {3D09164B-A146-4090-A5D6-45E81C4E9849}
		{A6765485-4BAF-4A32-8961-58CF9574DCAC} = {FFA31A9E-78DC-4063-AC1B-6D405123D3D0}
		{5359960B-52A7-4EF0-8B21-95AA194BA59D} = {FFA31A9E-78DC-4063-AC1B-6D405123D3D0}
		{6DA2E47E-25CB-449D-8C49-A5E04E387AA7} = {FFA31A9E-78DC-4063-AC1B-6D405123D3D0}
		{6D1A9DCE-47D9-42A6-B658-2B7D044757C8} = {FFA31A9E-78DC-4063-AC1B-6D405123D3D0}
		{62C7BB82-66CF-47B8-9AE2-DC6592DDAD92} = {FFA31A9E-78DC-4063-AC1B-6D405123D3D0}
		{26AB3BF7-CD7E-47C2-B46D-F3CE24DD9381} = {FFA31A9E-78DC-4063-AC1B-6D405123D3D0}
		{FE983D59-00D3-48F1-AB35-DBFF89EA010E} = {8DC3D94F-444F-4D9E-B0D8-13BCB9767946}
		{014C7819-023B-45FE-BB04-02D8843D33B5} = {8DC3D94F-444F-4D9E-B0D8-13BCB9767946}
		{F0C8FFDE-AEC7-4F3A-8280-EF2DC21BDA72} = {8DC3D94F-444F-4D9E-B0D8-13BCB9767946}
		{B7506530-A981-4775-80AE-89DEA4231E87} = {8DC3D94F-444F-4D9E-B0D8-13BCB9767946}
		{36D3629C-58E0-4C14-A6B4-94641BD7D8E9} = {8DC3D94F-444F-4D9E-B0D8-13BCB9767946}
		{E91FF5EC-24F0-436B-AFDF-E061BBF4C5CD} = {8DC3D94F-444F-4D9E-B0D8-13BCB9767946}
		{4FE58AA1-C351-45C8-9001-56CC623E3B8F} = {8DC3D94F-444F-4D9E-B0D8-13BCB9767946}
		{5C86E9AA-7FE1-4840-B04C-CE05DBF21741} = {8DC3D94F-444F-4D9E-B0D8-13BCB9767946}
		{E09B9809-7976-4DE0-8717-B4D0D4895D1A} = {8DC3D94F-444F-4D9E-B0D8-13BCB9767946}
		{A564611E-BD95-4EF4-A3F9-F0E24F730EE4} = {3D09164B-A146-4090-A5D6-45E81C4E9849}
		{27DB58A9-974E-4CF0-BF67-8A70EB5C8588} = {3D09164B-A146-4090-A5D6-45E81C4E9849}
		{A06D01F7-9160-444F-9AFC-26A554346DB4} = {FFA31A9E-78DC-4063-AC1B-6D405123D3D0}
	EndGlobalSection
	GlobalSection(ExtensibilityGlobals) = postSolution
		SolutionGuid = {FCD22965-683F-4A23-BF6D-F2787E117906}
	EndGlobalSection
EndGlobal
